# This file is autogenerated, do not edit; changes may be undone by the next 'dep ensure'.


[[projects]]
  branch = "master"
  name = "github.com/dgryski/go-discreterand"
  packages = ["."]
  revision = "71a72495288bc271b14ce7d0ca8ca898701fe63d"

[[projects]]
  name = "github.com/ernsheong/grand"
  packages = ["."]
  revision = "d01d70ada40e2ba7a174a0cd380838c91d133b86"
  version = "v1.0"

[[projects]]
  branch = "master"
  name = "github.com/timjchin/logcounter"
  packages = ["random"]
  revision = "16f0f4e43c774fac4d2f52a0966d4ab4aaeb9b9e"

[[projects]]
  branch = "master"
  name = "github.com/tylertreat/BoomFilters"
  packages = ["."]
  revision = "24de6833b0ed97c3cea8b65a7a68062f0854a865"

[[projects]]
  branch = "master"
  name = "github.com/wangjia184/sortedset"
  packages = ["."]
  revision = "f5d03557ba30bb7487f8e2783957af99d19624e1"

[solve-meta]
  analyzer-name = "dep"
  analyzer-version = 1
  inputs-digest = "b32f948b7c4edf5700a13cf96e79aaab904b970244202d90a424c256b5ecc983"
  solver-name = "gps-cdcl"
  solver-version = 1
